// !$*UTF8*$!
{
	archiveVersion = 1;
	classes = {
	};
	objectVersion = 50;
	objects = {

/* Begin PBXBuildFile section */
		157260CE24985EBB00C212C4 /* DetailViewController.swift in Sources */ = {isa = PBXBuildFile; fileRef = 157260CD24985EBB00C212C4 /* DetailViewController.swift */; };
		157260D024985EE100C212C4 /* ProfileViewController.swift in Sources */ = {isa = PBXBuildFile; fileRef = 157260CF24985EE100C212C4 /* ProfileViewController.swift */; };
		157260D224985F6C00C212C4 /* AcademiesViewController.swift in Sources */ = {isa = PBXBuildFile; fileRef = 157260D124985F6C00C212C4 /* AcademiesViewController.swift */; };
		157260D424985F9B00C212C4 /* ChallengesViewController.swift in Sources */ = {isa = PBXBuildFile; fileRef = 157260D324985F9B00C212C4 /* ChallengesViewController.swift */; };
		15E18FFB249730390052D61E /* AppDelegate.swift in Sources */ = {isa = PBXBuildFile; fileRef = 15E18FFA249730390052D61E /* AppDelegate.swift */; };
		15E18FFD249730390052D61E /* SceneDelegate.swift in Sources */ = {isa = PBXBuildFile; fileRef = 15E18FFC249730390052D61E /* SceneDelegate.swift */; };
		15E18FFF249730390052D61E /* ViewController.swift in Sources */ = {isa = PBXBuildFile; fileRef = 15E18FFE249730390052D61E /* ViewController.swift */; };
		15E19002249730390052D61E /* Main.storyboard in Resources */ = {isa = PBXBuildFile; fileRef = 15E19000249730390052D61E /* Main.storyboard */; };
		15E190042497303E0052D61E /* Assets.xcassets in Resources */ = {isa = PBXBuildFile; fileRef = 15E190032497303E0052D61E /* Assets.xcassets */; };
		15E190072497303E0052D61E /* LaunchScreen.storyboard in Resources */ = {isa = PBXBuildFile; fileRef = 15E190052497303E0052D61E /* LaunchScreen.storyboard */; };
		15E190122497303F0052D61E /* NavigationBarDicodingTests.swift in Sources */ = {isa = PBXBuildFile; fileRef = 15E190112497303F0052D61E /* NavigationBarDicodingTests.swift */; };
		15E1901D2497303F0052D61E /* NavigationBarDicodingUITests.swift in Sources */ = {isa = PBXBuildFile; fileRef = 15E1901C2497303F0052D61E /* NavigationBarDicodingUITests.swift */; };
/* End PBXBuildFile section */

/* Begin PBXContainerItemProxy section */
		15E1900E2497303F0052D61E /* PBXContainerItemProxy */ = {
			isa = PBXContainerItemProxy;
			containerPortal = 15E18FEF249730390052D61E /* Project object */;
			proxyType = 1;
			remoteGlobalIDString = 15E18FF6249730390052D61E;
			remoteInfo = NavigationBarDicoding;
		};
		15E190192497303F0052D61E /* PBXContainerItemProxy */ = {
			isa = PBXContainerItemProxy;
			containerPortal = 15E18FEF249730390052D61E /* Project object */;
			proxyType = 1;
			remoteGlobalIDString = 15E18FF6249730390052D61E;
			remoteInfo = NavigationBarDicoding;
		};
/* End PBXContainerItemProxy section */

/* Begin PBXFileReference section */
		157260CD24985EBB00C212C4 /* DetailViewController.swift */ = {isa = PBXFileReference; lastKnownFileType = sourcecode.swift; path = DetailViewController.swift; sourceTree = "<group>"; };
		157260CF24985EE100C212C4 /* ProfileViewController.swift */ = {isa = PBXFileReference; lastKnownFileType = sourcecode.swift; path = ProfileViewController.swift; sourceTree = "<group>"; };
		157260D124985F6C00C212C4 /* AcademiesViewController.swift */ = {isa = PBXFileReference; lastKnownFileType = sourcecode.swift; path = AcademiesViewController.swift; sourceTree = "<group>"; };
		157260D324985F9B00C212C4 /* ChallengesViewController.swift */ = {isa = PBXFileReference; lastKnownFileType = sourcecode.swift; path = ChallengesViewController.swift; sourceTree = "<group>"; };
		15E18FF7249730390052D61E /* NavigationBarDicoding.app */ = {isa = PBXFileReference; explicitFileType = wrapper.application; includeInIndex = 0; path = NavigationBarDicoding.app; sourceTree = BUILT_PRODUCTS_DIR; };
		15E18FFA249730390052D61E /* AppDelegate.swift */ = {isa = PBXFileReference; lastKnownFileType = sourcecode.swift; path = AppDelegate.swift; sourceTree = "<group>"; };
		15E18FFC249730390052D61E /* SceneDelegate.swift */ = {isa = PBXFileReference; lastKnownFileType = sourcecode.swift; path = SceneDelegate.swift; sourceTree = "<group>"; };
		15E18FFE249730390052D61E /* ViewController.swift */ = {isa = PBXFileReference; lastKnownFileType = sourcecode.swift; path = ViewController.swift; sourceTree = "<group>"; };
		15E19001249730390052D61E /* Base */ = {isa = PBXFileReference; lastKnownFileType = file.storyboard; name = Base; path = Base.lproj/Main.storyboard; sourceTree = "<group>"; };
		15E190032497303E0052D61E /* Assets.xcassets */ = {isa = PBXFileReference; lastKnownFileType = folder.assetcatalog; path = Assets.xcassets; sourceTree = "<group>"; };
		15E190062497303E0052D61E /* Base */ = {isa = PBXFileReference; lastKnownFileType = file.storyboard; name = Base; path = Base.lproj/LaunchScreen.storyboard; sourceTree = "<group>"; };
		15E190082497303E0052D61E /* Info.plist */ = {isa = PBXFileReference; lastKnownFileType = text.plist.xml; path = Info.plist; sourceTree = "<group>"; };
		15E1900D2497303F0052D61E /* NavigationBarDicodingTests.xctest */ = {isa = PBXFileReference; explicitFileType = wrapper.cfbundle; includeInIndex = 0; path = NavigationBarDicodingTests.xctest; sourceTree = BUILT_PRODUCTS_DIR; };
		15E190112497303F0052D61E /* NavigationBarDicodingTests.swift */ = {isa = PBXFileReference; lastKnownFileType = sourcecode.swift; path = NavigationBarDicodingTests.swift; sourceTree = "<group>"; };
		15E190132497303F0052D61E /* Info.plist */ = {isa = PBXFileReference; lastKnownFileType = text.plist.xml; path = Info.plist; sourceTree = "<group>"; };
		15E190182497303F0052D61E /* NavigationBarDicodingUITests.xctest */ = {isa = PBXFileReference; explicitFileType = wrapper.cfbundle; includeInIndex = 0; path = NavigationBarDicodingUITests.xctest; sourceTree = BUILT_PRODUCTS_DIR; };
		15E1901C2497303F0052D61E /* NavigationBarDicodingUITests.swift */ = {isa = PBXFileReference; lastKnownFileType = sourcecode.swift; path = NavigationBarDicodingUITests.swift; sourceTree = "<group>"; };
		15E1901E2497303F0052D61E /* Info.plist */ = {isa = PBXFileReference; lastKnownFileType = text.plist.xml; path = Info.plist; sourceTree = "<group>"; };
/* End PBXFileReference section */

/* Begin PBXFrameworksBuildPhase section */
		15E18FF4249730390052D61E /* Frameworks */ = {
			isa = PBXFrameworksBuildPhase;
			buildActionMask = 2147483647;
			files = (
			);
			runOnlyForDeploymentPostprocessing = 0;
		};
		15E1900A2497303F0052D61E /* Frameworks */ = {
			isa = PBXFrameworksBuildPhase;
			buildActionMask = 2147483647;
			files = (
			);
			runOnlyForDeploymentPostprocessing = 0;
		};
		15E190152497303F0052D61E /* Frameworks */ = {
			isa = PBXFrameworksBuildPhase;
			buildActionMask = 2147483647;
			files = (
			);
			runOnlyForDeploymentPostprocessing = 0;
		};
/* End PBXFrameworksBuildPhase section */

/* Begin PBXGroup section */
		157260CC24985DF700C212C4 /* Controller */ = {
			isa = PBXGroup;
			children = (
				15E18FFE249730390052D61E /* ViewController.swift */,
				157260CD24985EBB00C212C4 /* DetailViewController.swift */,
				157260CF24985EE100C212C4 /* ProfileViewController.swift */,
				157260D124985F6C00C212C4 /* AcademiesViewController.swift */,
				157260D324985F9B00C212C4 /* ChallengesViewController.swift */,
			);
			path = Controller;
			sourceTree = "<group>";
		};
		15E18FEE249730390052D61E = {
			isa = PBXGroup;
			children = (
				15E18FF9249730390052D61E /* NavigationBarDicoding */,
				15E190102497303F0052D61E /* NavigationBarDicodingTests */,
				15E1901B2497303F0052D61E /* NavigationBarDicodingUITests */,
				15E18FF8249730390052D61E /* Products */,
			);
			sourceTree = "<group>";
		};
		15E18FF8249730390052D61E /* Products */ = {
			isa = PBXGroup;
			children = (
				15E18FF7249730390052D61E /* NavigationBarDicoding.app */,
				15E1900D2497303F0052D61E /* NavigationBarDicodingTests.xctest */,
				15E190182497303F0052D61E /* NavigationBarDicodingUITests.xctest */,
			);
			name = Products;
			sourceTree = "<group>";
		};
		15E18FF9249730390052D61E /* NavigationBarDicoding */ = {
			isa = PBXGroup;
			children = (
				157260CC24985DF700C212C4 /* Controller */,
				15E18FFA249730390052D61E /* AppDelegate.swift */,
				15E18FFC249730390052D61E /* SceneDelegate.swift */,
				15E19000249730390052D61E /* Main.storyboard */,
				15E190032497303E0052D61E /* Assets.xcassets */,
				15E190052497303E0052D61E /* LaunchScreen.storyboard */,
				15E190082497303E0052D61E /* Info.plist */,
			);
			path = NavigationBarDicoding;
			sourceTree = "<group>";
		};
		15E190102497303F0052D61E /* NavigationBarDicodingTests */ = {
			isa = PBXGroup;
			children = (
				15E190112497303F0052D61E /* NavigationBarDicodingTests.swift */,
				15E190132497303F0052D61E /* Info.plist */,
			);
			path = NavigationBarDicodingTests;
			sourceTree = "<group>";
		};
		15E1901B2497303F0052D61E /* NavigationBarDicodingUITests */ = {
			isa = PBXGroup;
			children = (
				15E1901C2497303F0052D61E /* NavigationBarDicodingUITests.swift */,
				15E1901E2497303F0052D61E /* Info.plist */,
			);
			path = NavigationBarDicodingUITests;
			sourceTree = "<group>";
		};
/* End PBXGroup section */

/* Begin PBXNativeTarget section */
		15E18FF6249730390052D61E /* NavigationBarDicoding */ = {
			isa = PBXNativeTarget;
			buildConfigurationList = 15E190212497303F0052D61E /* Build configuration list for PBXNativeTarget "NavigationBarDicoding" */;
			buildPhases = (
				15E18FF3249730390052D61E /* Sources */,
				15E18FF4249730390052D61E /* Frameworks */,
				15E18FF5249730390052D61E /* Resources */,
			);
			buildRules = (
			);
			dependencies = (
			);
			name = NavigationBarDicoding;
			productName = NavigationBarDicoding;
			productReference = 15E18FF7249730390052D61E /* NavigationBarDicoding.app */;
			productType = "com.apple.product-type.application";
		};
		15E1900C2497303F0052D61E /* NavigationBarDicodingTests */ = {
			isa = PBXNativeTarget;
			buildConfigurationList = 15E190242497303F0052D61E /* Build configuration list for PBXNativeTarget "NavigationBarDicodingTests" */;
			buildPhases = (
				15E190092497303F0052D61E /* Sources */,
				15E1900A2497303F0052D61E /* Frameworks */,
				15E1900B2497303F0052D61E /* Resources */,
			);
			buildRules = (
			);
			dependencies = (
				15E1900F2497303F0052D61E /* PBXTargetDependency */,
			);
			name = NavigationBarDicodingTests;
			productName = NavigationBarDicodingTests;
			productReference = 15E1900D2497303F0052D61E /* NavigationBarDicodingTests.xctest */;
			productType = "com.apple.product-type.bundle.unit-test";
		};
		15E190172497303F0052D61E /* NavigationBarDicodingUITests */ = {
			isa = PBXNativeTarget;
			buildConfigurationList = 15E190272497303F0052D61E /* Build configuration list for PBXNativeTarget "NavigationBarDicodingUITests" */;
			buildPhases = (
				15E190142497303F0052D61E /* Sources */,
				15E190152497303F0052D61E /* Frameworks */,
				15E190162497303F0052D61E /* Resources */,
			);
			buildRules = (
			);
			dependencies = (
				15E1901A2497303F0052D61E /* PBXTargetDependency */,
			);
			name = NavigationBarDicodingUITests;
			productName = NavigationBarDicodingUITests;
			productReference = 15E190182497303F0052D61E /* NavigationBarDicodingUITests.xctest */;
			productType = "com.apple.product-type.bundle.ui-testing";
		};
/* End PBXNativeTarget section */

/* Begin PBXProject section */
		15E18FEF249730390052D61E /* Project object */ = {
			isa = PBXProject;
			attributes = {
				LastSwiftUpdateCheck = 1140;
				LastUpgradeCheck = 1140;
				ORGANIZATIONNAME = "Dwi Bonggo Pribadi";
				TargetAttributes = {
					15E18FF6249730390052D61E = {
						CreatedOnToolsVersion = 11.4.1;
					};
					15E1900C2497303F0052D61E = {
						CreatedOnToolsVersion = 11.4.1;
						TestTargetID = 15E18FF6249730390052D61E;
					};
					15E190172497303F0052D61E = {
						CreatedOnToolsVersion = 11.4.1;
						TestTargetID = 15E18FF6249730390052D61E;
					};
				};
			};
			buildConfigurationList = 15E18FF2249730390052D61E /* Build configuration list for PBXProject "NavigationBarDicoding" */;
			compatibilityVersion = "Xcode 9.3";
			developmentRegion = en;
			hasScannedForEncodings = 0;
			knownRegions = (
				en,
				Base,
			);
			mainGroup = 15E18FEE249730390052D61E;
			productRefGroup = 15E18FF8249730390052D61E /* Products */;
			projectDirPath = "";
			projectRoot = "";
			targets = (
				15E18FF6249730390052D61E /* NavigationBarDicoding */,
				15E1900C2497303F0052D61E /* NavigationBarDicodingTests */,
				15E190172497303F0052D61E /* NavigationBarDicodingUITests */,
			);
		};
/* End PBXProject section */

/* Begin PBXResourcesBuildPhase section */
		15E18FF5249730390052D61E /* Resources */ = {
			isa = PBXResourcesBuildPhase;
			buildActionMask = 2147483647;
			files = (
				15E190072497303E0052D61E /* LaunchScreen.storyboard in Resources */,
				15E190042497303E0052D61E /* Assets.xcassets in Resources */,
				15E19002249730390052D61E /* Main.storyboard in Resources */,
			);
			runOnlyForDeploymentPostprocessing = 0;
		};
		15E1900B2497303F0052D61E /* Resources */ = {
			isa = PBXResourcesBuildPhase;
			buildActionMask = 2147483647;
			files = (
			);
			runOnlyForDeploymentPostprocessing = 0;
		};
		15E190162497303F0052D61E /* Resources */ = {
			isa = PBXResourcesBuildPhase;
			buildActionMask = 2147483647;
			files = (
			);
			runOnlyForDeploymentPostprocessing = 0;
		};
/* End PBXResourcesBuildPhase section */

/* Begin PBXSourcesBuildPhase section */
		15E18FF3249730390052D61E /* Sources */ = {
			isa = PBXSourcesBuildPhase;
			buildActionMask = 2147483647;
			files = (
				15E18FFF249730390052D61E /* ViewController.swift in Sources */,
				15E18FFB249730390052D61E /* AppDelegate.swift in Sources */,
				157260D424985F9B00C212C4 /* ChallengesViewController.swift in Sources */,
				157260D024985EE100C212C4 /* ProfileViewController.swift in Sources */,
				15E18FFD249730390052D61E /* SceneDelegate.swift in Sources */,
				157260CE24985EBB00C212C4 /* DetailViewController.swift in Sources */,
				157260D224985F6C00C212C4 /* AcademiesViewController.swift in Sources */,
			);
			runOnlyForDeploymentPostprocessing = 0;
		};
		15E190092497303F0052D61E /* Sources */ = {
			isa = PBXSourcesBuildPhase;
			buildActionMask = 2147483647;
			files = (
				15E190122497303F0052D61E /* NavigationBarDicodingTests.swift in Sources */,
			);
			runOnlyForDeploymentPostprocessing = 0;
		};
		15E190142497303F0052D61E /* Sources */ = {
			isa = PBXSourcesBuildPhase;
			buildActionMask = 2147483647;
			files = (
				15E1901D2497303F0052D61E /* NavigationBarDicodingUITests.swift in Sources */,
			);
			runOnlyForDeploymentPostprocessing = 0;
		};
/* End PBXSourcesBuildPhase section */

/* Begin PBXTargetDependency section */
		15E1900F2497303F0052D61E /* PBXTargetDependency */ = {
			isa = PBXTargetDependency;
			target = 15E18FF6249730390052D61E /* NavigationBarDicoding */;
			targetProxy = 15E1900E2497303F0052D61E /* PBXContainerItemProxy */;
		};
		15E1901A2497303F0052D61E /* PBXTargetDependency */ = {
			isa = PBXTargetDependency;
			target = 15E18FF6249730390052D61E /* NavigationBarDicoding */;
			targetProxy = 15E190192497303F0052D61E /* PBXContainerItemProxy */;
		};
/* End PBXTargetDependency section */

/* Begin PBXVariantGroup section */
		15E19000249730390052D61E /* Main.storyboard */ = {
			isa = PBXVariantGroup;
			children = (
				15E19001249730390052D61E /* Base */,
			);
			name = Main.storyboard;
			sourceTree = "<group>";
		};
		15E190052497303E0052D61E /* LaunchScreen.storyboard */ = {
			isa = PBXVariantGroup;
			children = (
				15E190062497303E0052D61E /* Base */,
			);
			name = LaunchScreen.storyboard;
			sourceTree = "<group>";
		};
/* End PBXVariantGroup section */

/* Begin XCBuildConfiguration section */
		15E1901F2497303F0052D61E /* Debug */ = {
			isa = XCBuildConfiguration;
			buildSettings = {
				ALWAYS_SEARCH_USER_PATHS = NO;
				CLANG_ANALYZER_NONNULL = YES;
				CLANG_ANALYZER_NUMBER_OBJECT_CONVERSION = YES_AGGRESSIVE;
				CLANG_CXX_LANGUAGE_STANDARD = "gnu++14";
				CLANG_CXX_LIBRARY = "libc++";
				CLANG_ENABLE_MODULES = YES;
				CLANG_ENABLE_OBJC_ARC = YES;
				CLANG_ENABLE_OBJC_WEAK = YES;
				CLANG_WARN_BLOCK_CAPTURE_AUTORELEASING = YES;
				CLANG_WARN_BOOL_CONVERSION = YES;
				CLANG_WARN_COMMA = YES;
				CLANG_WARN_CONSTANT_CONVERSION = YES;
				CLANG_WARN_DEPRECATED_OBJC_IMPLEMENTATIONS = YES;
				CLANG_WARN_DIRECT_OBJC_ISA_USAGE = YES_ERROR;
				CLANG_WARN_DOCUMENTATION_COMMENTS = YES;
				CLANG_WARN_EMPTY_BODY = YES;
				CLANG_WARN_ENUM_CONVERSION = YES;
				CLANG_WARN_INFINITE_RECURSION = YES;
				CLANG_WARN_INT_CONVERSION = YES;
				CLANG_WARN_NON_LITERAL_NULL_CONVERSION = YES;
				CLANG_WARN_OBJC_IMPLICIT_RETAIN_SELF = YES;
				CLANG_WARN_OBJC_LITERAL_CONVERSION = YES;
				CLANG_WARN_OBJC_ROOT_CLASS = YES_ERROR;
				CLANG_WARN_RANGE_LOOP_ANALYSIS = YES;
				CLANG_WARN_STRICT_PROTOTYPES = YES;
				CLANG_WARN_SUSPICIOUS_MOVE = YES;
				CLANG_WARN_UNGUARDED_AVAILABILITY = YES_AGGRESSIVE;
				CLANG_WARN_UNREACHABLE_CODE = YES;
				CLANG_WARN__DUPLICATE_METHOD_MATCH = YES;
				COPY_PHASE_STRIP = NO;
				DEBUG_INFORMATION_FORMAT = dwarf;
				ENABLE_STRICT_OBJC_MSGSEND = YES;
				ENABLE_TESTABILITY = YES;
				GCC_C_LANGUAGE_STANDARD = gnu11;
				GCC_DYNAMIC_NO_PIC = NO;
				GCC_NO_COMMON_BLOCKS = YES;
				GCC_OPTIMIZATION_LEVEL = 0;
				GCC_PREPROCESSOR_DEFINITIONS = (
					"DEBUG=1",
					"$(inherited)",
				);
				GCC_WARN_64_TO_32_BIT_CONVERSION = YES;
				GCC_WARN_ABOUT_RETURN_TYPE = YES_ERROR;
				GCC_WARN_UNDECLARED_SELECTOR = YES;
				GCC_WARN_UNINITIALIZED_AUTOS = YES_AGGRESSIVE;
				GCC_WARN_UNUSED_FUNCTION = YES;
				GCC_WARN_UNUSED_VARIABLE = YES;
				IPHONEOS_DEPLOYMENT_TARGET = 13.4;
				MTL_ENABLE_DEBUG_INFO = INCLUDE_SOURCE;
				MTL_FAST_MATH = YES;
				ONLY_ACTIVE_ARCH = YES;
				SDKROOT = iphoneos;
				SWIFT_ACTIVE_COMPILATION_CONDITIONS = DEBUG;
				SWIFT_OPTIMIZATION_LEVEL = "-Onone";
			};
			name = Debug;
		};
		15E190202497303F0052D61E /* Release */ = {
			isa = XCBuildConfiguration;
			buildSettings = {
				ALWAYS_SEARCH_USER_PATHS = NO;
				CLANG_ANALYZER_NONNULL = YES;
				CLANG_ANALYZER_NUMBER_OBJECT_CONVERSION = YES_AGGRESSIVE;
				CLANG_CXX_LANGUAGE_STANDARD = "gnu++14";
				CLANG_CXX_LIBRARY = "libc++";
				CLANG_ENABLE_MODULES = YES;
				CLANG_ENABLE_OBJC_ARC = YES;
				CLANG_ENABLE_OBJC_WEAK = YES;
				CLANG_WARN_BLOCK_CAPTURE_AUTORELEASING = YES;
				CLANG_WARN_BOOL_CONVERSION = YES;
				CLANG_WARN_COMMA = YES;
				CLANG_WARN_CONSTANT_CONVERSION = YES;
				CLANG_WARN_DEPRECATED_OBJC_IMPLEMENTATIONS = YES;
				CLANG_WARN_DIRECT_OBJC_ISA_USAGE = YES_ERROR;
				CLANG_WARN_DOCUMENTATION_COMMENTS = YES;
				CLANG_WARN_EMPTY_BODY = YES;
				CLANG_WARN_ENUM_CONVERSION = YES;
				CLANG_WARN_INFINITE_RECURSION = YES;
				CLANG_WARN_INT_CONVERSION = YES;
				CLANG_WARN_NON_LITERAL_NULL_CONVERSION = YES;
				CLANG_WARN_OBJC_IMPLICIT_RETAIN_SELF = YES;
				CLANG_WARN_OBJC_LITERAL_CONVERSION = YES;
				CLANG_WARN_OBJC_ROOT_CLASS = YES_ERROR;
				CLANG_WARN_RANGE_LOOP_ANALYSIS = YES;
				CLANG_WARN_STRICT_PROTOTYPES = YES;
				CLANG_WARN_SUSPICIOUS_MOVE = YES;
				CLANG_WARN_UNGUARDED_AVAILABILITY = YES_AGGRESSIVE;
				CLANG_WARN_UNREACHABLE_CODE = YES;
				CLANG_WARN__DUPLICATE_METHOD_MATCH = YES;
				COPY_PHASE_STRIP = NO;
				DEBUG_INFORMATION_FORMAT = "dwarf-with-dsym";
				ENABLE_NS_ASSERTIONS = NO;
				ENABLE_STRICT_OBJC_MSGSEND = YES;
				GCC_C_LANGUAGE_STANDARD = gnu11;
				GCC_NO_COMMON_BLOCKS = YES;
				GCC_WARN_64_TO_32_BIT_CONVERSION = YES;
				GCC_WARN_ABOUT_RETURN_TYPE = YES_ERROR;
				GCC_WARN_UNDECLARED_SELECTOR = YES;
				GCC_WARN_UNINITIALIZED_AUTOS = YES_AGGRESSIVE;
				GCC_WARN_UNUSED_FUNCTION = YES;
				GCC_WARN_UNUSED_VARIABLE = YES;
				IPHONEOS_DEPLOYMENT_TARGET = 13.4;
				MTL_ENABLE_DEBUG_INFO = NO;
				MTL_FAST_MATH = YES;
				SDKROOT = iphoneos;
				SWIFT_COMPILATION_MODE = wholemodule;
				SWIFT_OPTIMIZATION_LEVEL = "-O";
				VALIDATE_PRODUCT = YES;
			};
			name = Release;
		};
		15E190222497303F0052D61E /* Debug */ = {
			isa = XCBuildConfiguration;
			buildSettings = {
				ASSETCATALOG_COMPILER_APPICON_NAME = AppIcon;
				CODE_SIGN_STYLE = Automatic;
				INFOPLIST_FILE = NavigationBarDicoding/Info.plist;
				LD_RUNPATH_SEARCH_PATHS = (
					"$(inherited)",
					"@executable_path/Frameworks",
				);
				PRODUCT_BUNDLE_IDENTIFIER = dwi.NavigationBarDicoding;
				PRODUCT_NAME = "$(TARGET_NAME)";
				SWIFT_VERSION = 5.0;
				TARGETED_DEVICE_FAMILY = "1,2";
			};
			name = Debug;
		};
		15E190232497303F0052D61E /* Release */ = {
			isa = XCBuildConfiguration;
			buildSettings = {
				ASSETCATALOG_COMPILER_APPICON_NAME = AppIcon;
				CODE_SIGN_STYLE = Automatic;
				INFOPLIST_FILE = NavigationBarDicoding/Info.plist;
				LD_RUNPATH_SEARCH_PATHS = (
					"$(inherited)",
					"@executable_path/Frameworks",
				);
				PRODUCT_BUNDLE_IDENTIFIER = dwi.NavigationBarDicoding;
				PRODUCT_NAME = "$(TARGET_NAME)";
				SWIFT_VERSION = 5.0;
				TARGETED_DEVICE_FAMILY = "1,2";
			};
			name = Release;
		};
		15E190252497303F0052D61E /* Debug */ = {
			isa = XCBuildConfiguration;
			buildSettings = {
				ALWAYS_EMBED_SWIFT_STANDARD_LIBRARIES = YES;
				BUNDLE_LOADER = "$(TEST_HOST)";
				CODE_SIGN_STYLE = Automatic;
				INFOPLIST_FILE = NavigationBarDicodingTests/Info.plist;
				IPHONEOS_DEPLOYMENT_TARGET = 13.4;
				LD_RUNPATH_SEARCH_PATHS = (
					"$(inherited)",
					"@executable_path/Frameworks",
					"@loader_path/Frameworks",
				);
				PRODUCT_BUNDLE_IDENTIFIER = dwi.NavigationBarDicodingTests;
				PRODUCT_NAME = "$(TARGET_NAME)";
				SWIFT_VERSION = 5.0;
				TARGETED_DEVICE_FAMILY = "1,2";
				TEST_HOST = "$(BUILT_PRODUCTS_DIR)/NavigationBarDicoding.app/NavigationBarDicoding";
			};
			name = Debug;
		};
		15E190262497303F0052D61E /* Release */ = {
			isa = XCBuildConfiguration;
			buildSettings = {
				ALWAYS_EMBED_SWIFT_STANDARD_LIBRARIES = YES;
				BUNDLE_LOADER = "$(TEST_HOST)";
				CODE_SIGN_STYLE = Automatic;
				INFOPLIST_FILE = NavigationBarDicodingTests/Info.plist;
				IPHONEOS_DEPLOYMENT_TARGET = 13.4;
				LD_RUNPATH_SEARCH_PATHS = (
					"$(inherited)",
					"@executable_path/Frameworks",
					"@loader_path/Frameworks",
				);
				PRODUCT_BUNDLE_IDENTIFIER = dwi.NavigationBarDicodingTests;
				PRODUCT_NAME = "$(TARGET_NAME)";
				SWIFT_VERSION = 5.0;
				TARGETED_DEVICE_FAMILY = "1,2";
				TEST_HOST = "$(BUILT_PRODUCTS_DIR)/NavigationBarDicoding.app/NavigationBarDicoding";
			};
			name = Release;
		};
		15E190282497303F0052D61E /* Debug */ = {
			isa = XCBuildConfiguration;
			buildSettings = {
				ALWAYS_EMBED_SWIFT_STANDARD_LIBRARIES = YES;
				CODE_SIGN_STYLE = Automatic;
				INFOPLIST_FILE = NavigationBarDicodingUITests/Info.plist;
				LD_RUNPATH_SEARCH_PATHS = (
					"$(inherited)",
					"@executable_path/Frameworks",
					"@loader_path/Frameworks",
				);
				PRODUCT_BUNDLE_IDENTIFIER = dwi.NavigationBarDicodingUITests;
				PRODUCT_NAME = "$(TARGET_NAME)";
				SWIFT_VERSION = 5.0;
				TARGETED_DEVICE_FAMILY = "1,2";
				TEST_TARGET_NAME = NavigationBarDicoding;
			};
			name = Debug;
		};
		15E190292497303F0052D61E /* Release */ = {
			isa = XCBuildConfiguration;
			buildSettings = {
				ALWAYS_EMBED_SWIFT_STANDARD_LIBRARIES = YES;
				CODE_SIGN_STYLE = Automatic;
				INFOPLIST_FILE = NavigationBarDicodingUITests/Info.plist;
				LD_RUNPATH_SEARCH_PATHS = (
					"$(inherited)",
					"@executable_path/Frameworks",
					"@loader_path/Frameworks",
				);
				PRODUCT_BUNDLE_IDENTIFIER = dwi.NavigationBarDicodingUITests;
				PRODUCT_NAME = "$(TARGET_NAME)";
				SWIFT_VERSION = 5.0;
				TARGETED_DEVICE_FAMILY = "1,2";
				TEST_TARGET_NAME = NavigationBarDicoding;
			};
			name = Release;
		};
/* End XCBuildConfiguration section */

/* Begin XCConfigurationList section */
		15E18FF2249730390052D61E /* Build configuration list for PBXProject "NavigationBarDicoding" */ = {
			isa = XCConfigurationList;
			buildConfigurations = (
				15E1901F2497303F0052D61E /* Debug */,
				15E190202497303F0052D61E /* Release */,
			);
			defaultConfigurationIsVisible = 0;
			defaultConfigurationName = Release;
		};
		15E190212497303F0052D61E /* Build configuration list for PBXNativeTarget "NavigationBarDicoding" */ = {
			isa = XCConfigurationList;
			buildConfigurations = (
				15E190222497303F0052D61E /* Debug */,
				15E190232497303F0052D61E /* Release */,
			);
			defaultConfigurationIsVisible = 0;
			defaultConfigurationName = Release;
		};
		15E190242497303F0052D61E /* Build configuration list for PBXNativeTarget "NavigationBarDicodingTests" */ = {
			isa = XCConfigurationList;
			buildConfigurations = (
				15E190252497303F0052D61E /* Debug */,
				15E190262497303F0052D61E /* Release */,
			);
			defaultConfigurationIsVisible = 0;
			defaultConfigurationName = Release;
		};
		15E190272497303F0052D61E /* Build configuration list for PBXNativeTarget "NavigationBarDicodingUITests" */ = {
			isa = XCConfigurationList;
			buildConfigurations = (
				15E190282497303F0052D61E /* Debug */,
				15E190292497303F0052D61E /* Release */,
			);
			defaultConfigurationIsVisible = 0;
			defaultConfigurationName = Release;
		};
/* End XCConfigurationList section */
	};
	rootObject = 15E18FEF249730390052D61E /* Project object */;
}
